// !$*UTF8*$!
{
	archiveVersion = 1;
	classes = {
	};
	objectVersion = 46;
	objects = {

/* Begin PBXBuildFile section */
		D213417C1F038AD6008BCE70 /* DarkSkyAPIClient.swift in Sources */ = {isa = PBXBuildFile; fileRef = D213417B1F038AD6008BCE70 /* DarkSkyAPIClient.swift */; };
		D24395A31F0DCA1300F6A5DA /* Region.swift in Sources */ = {isa = PBXBuildFile; fileRef = D24395A21F0DCA1300F6A5DA /* Region.swift */; };
		D24395A61F0DCBE700F6A5DA /* RegionViewModel.swift in Sources */ = {isa = PBXBuildFile; fileRef = D24395A51F0DCBE700F6A5DA /* RegionViewModel.swift */; };
		D24395AA1F0DF70D00F6A5DA /* Location.swift in Sources */ = {isa = PBXBuildFile; fileRef = D24395A91F0DF70D00F6A5DA /* Location.swift */; };
		D24DF8CA1F04AE800007E105 /* JSONDownLoader.swift in Sources */ = {isa = PBXBuildFile; fileRef = D24DF8C91F04AE800007E105 /* JSONDownLoader.swift */; };
		D24DF8CC1F04B0BB0007E105 /* DarkSkyError.swift in Sources */ = {isa = PBXBuildFile; fileRef = D24DF8CB1F04B0BB0007E105 /* DarkSkyError.swift */; };
		D24DF8D11F04C2700007E105 /* CurrentWeather.swift in Sources */ = {isa = PBXBuildFile; fileRef = D24DF8D01F04C2700007E105 /* CurrentWeather.swift */; };
		D24DF8D31F04C5B30007E105 /* CurrentWeatherViewModel.swift in Sources */ = {isa = PBXBuildFile; fileRef = D24DF8D21F04C5B30007E105 /* CurrentWeatherViewModel.swift */; };
		D24DF8D51F04C7090007E105 /* WeatherIcon.swift in Sources */ = {isa = PBXBuildFile; fileRef = D24DF8D41F04C7090007E105 /* WeatherIcon.swift */; };
		D24DF8D71F05109C0007E105 /* Coordinate.swift in Sources */ = {isa = PBXBuildFile; fileRef = D24DF8D61F05109C0007E105 /* Coordinate.swift */; };
		D2AB661F1F07584100EF48E3 /* CoreLocation.framework in Frameworks */ = {isa = PBXBuildFile; fileRef = D2AB661E1F07584100EF48E3 /* CoreLocation.framework */; };
		D2AB66211F077CAC00EF48E3 /* HourlyForecastViewCell.swift in Sources */ = {isa = PBXBuildFile; fileRef = D2AB66201F077CAC00EF48E3 /* HourlyForecastViewCell.swift */; };
		D2AB66511F07F9C700EF48E3 /* HourlyWeather.swift in Sources */ = {isa = PBXBuildFile; fileRef = D2AB66501F07F9C700EF48E3 /* HourlyWeather.swift */; };
		D2AB66531F07FBA900EF48E3 /* HourlyWeatherViewModel.swift in Sources */ = {isa = PBXBuildFile; fileRef = D2AB66521F07FBA900EF48E3 /* HourlyWeatherViewModel.swift */; };
		D2B08F621F0C8117000A0A52 /* SearchResultsController.swift in Sources */ = {isa = PBXBuildFile; fileRef = D2B08F611F0C8117000A0A52 /* SearchResultsController.swift */; };
		D2B08F641F0C8465000A0A52 /* RegionListController.swift in Sources */ = {isa = PBXBuildFile; fileRef = D2B08F631F0C8465000A0A52 /* RegionListController.swift */; };
		D2B08F671F0C84C5000A0A52 /* SearchResultsDataSource.swift in Sources */ = {isa = PBXBuildFile; fileRef = D2B08F661F0C84C5000A0A52 /* SearchResultsDataSource.swift */; };
		D2B08F6E1F0C868B000A0A52 /* RegionListDataSource.swift in Sources */ = {isa = PBXBuildFile; fileRef = D2B08F6D1F0C868B000A0A52 /* RegionListDataSource.swift */; };
		D2B08F721F0C8784000A0A52 /* RegionCell.swift in Sources */ = {isa = PBXBuildFile; fileRef = D2B08F711F0C8784000A0A52 /* RegionCell.swift */; };
		D2B08F771F0C9C32000A0A52 /* Stub.swift in Sources */ = {isa = PBXBuildFile; fileRef = D2B08F761F0C9C32000A0A52 /* Stub.swift */; };
		D2E1C87B1F035F5D00335FD2 /* AppDelegate.swift in Sources */ = {isa = PBXBuildFile; fileRef = D2E1C87A1F035F5D00335FD2 /* AppDelegate.swift */; };
		D2E1C87D1F035F5D00335FD2 /* ViewController.swift in Sources */ = {isa = PBXBuildFile; fileRef = D2E1C87C1F035F5D00335FD2 /* ViewController.swift */; };
		D2E1C8801F035F5D00335FD2 /* Main.storyboard in Resources */ = {isa = PBXBuildFile; fileRef = D2E1C87E1F035F5D00335FD2 /* Main.storyboard */; };
		D2E1C8831F035F5D00335FD2 /* MySunnies.xcdatamodeld in Sources */ = {isa = PBXBuildFile; fileRef = D2E1C8811F035F5D00335FD2 /* MySunnies.xcdatamodeld */; };
		D2E1C8851F035F5D00335FD2 /* Assets.xcassets in Resources */ = {isa = PBXBuildFile; fileRef = D2E1C8841F035F5D00335FD2 /* Assets.xcassets */; };
		D2E1C8881F035F5D00335FD2 /* LaunchScreen.storyboard in Resources */ = {isa = PBXBuildFile; fileRef = D2E1C8861F035F5D00335FD2 /* LaunchScreen.storyboard */; };
/* End PBXBuildFile section */

/* Begin PBXFileReference section */
		D213417B1F038AD6008BCE70 /* DarkSkyAPIClient.swift */ = {isa = PBXFileReference; fileEncoding = 4; lastKnownFileType = sourcecode.swift; path = DarkSkyAPIClient.swift; sourceTree = "<group>"; };
		D24395A21F0DCA1300F6A5DA /* Region.swift */ = {isa = PBXFileReference; fileEncoding = 4; lastKnownFileType = sourcecode.swift; path = Region.swift; sourceTree = "<group>"; };
		D24395A51F0DCBE700F6A5DA /* RegionViewModel.swift */ = {isa = PBXFileReference; fileEncoding = 4; lastKnownFileType = sourcecode.swift; path = RegionViewModel.swift; sourceTree = "<group>"; };
		D24395A91F0DF70D00F6A5DA /* Location.swift */ = {isa = PBXFileReference; fileEncoding = 4; lastKnownFileType = sourcecode.swift; path = Location.swift; sourceTree = "<group>"; };
		D24DF8C91F04AE800007E105 /* JSONDownLoader.swift */ = {isa = PBXFileReference; fileEncoding = 4; lastKnownFileType = sourcecode.swift; path = JSONDownLoader.swift; sourceTree = "<group>"; };
		D24DF8CB1F04B0BB0007E105 /* DarkSkyError.swift */ = {isa = PBXFileReference; fileEncoding = 4; lastKnownFileType = sourcecode.swift; path = DarkSkyError.swift; sourceTree = "<group>"; };
		D24DF8D01F04C2700007E105 /* CurrentWeather.swift */ = {isa = PBXFileReference; fileEncoding = 4; lastKnownFileType = sourcecode.swift; name = CurrentWeather.swift; path = ../CurrentWeather.swift; sourceTree = "<group>"; };
		D24DF8D21F04C5B30007E105 /* CurrentWeatherViewModel.swift */ = {isa = PBXFileReference; fileEncoding = 4; lastKnownFileType = sourcecode.swift; name = CurrentWeatherViewModel.swift; path = ../CurrentWeatherViewModel.swift; sourceTree = "<group>"; };
		D24DF8D41F04C7090007E105 /* WeatherIcon.swift */ = {isa = PBXFileReference; fileEncoding = 4; lastKnownFileType = sourcecode.swift; name = WeatherIcon.swift; path = ../WeatherIcon.swift; sourceTree = "<group>"; };
		D24DF8D61F05109C0007E105 /* Coordinate.swift */ = {isa = PBXFileReference; fileEncoding = 4; lastKnownFileType = sourcecode.swift; path = Coordinate.swift; sourceTree = "<group>"; };
		D2AB661E1F07584100EF48E3 /* CoreLocation.framework */ = {isa = PBXFileReference; lastKnownFileType = wrapper.framework; name = CoreLocation.framework; path = System/Library/Frameworks/CoreLocation.framework; sourceTree = SDKROOT; };
		D2AB66201F077CAC00EF48E3 /* HourlyForecastViewCell.swift */ = {isa = PBXFileReference; fileEncoding = 4; lastKnownFileType = sourcecode.swift; path = HourlyForecastViewCell.swift; sourceTree = "<group>"; };
		D2AB66501F07F9C700EF48E3 /* HourlyWeather.swift */ = {isa = PBXFileReference; fileEncoding = 4; lastKnownFileType = sourcecode.swift; path = HourlyWeather.swift; sourceTree = "<group>"; };
		D2AB66521F07FBA900EF48E3 /* HourlyWeatherViewModel.swift */ = {isa = PBXFileReference; fileEncoding = 4; lastKnownFileType = sourcecode.swift; path = HourlyWeatherViewModel.swift; sourceTree = "<group>"; };
		D2B08F611F0C8117000A0A52 /* SearchResultsController.swift */ = {isa = PBXFileReference; fileEncoding = 4; lastKnownFileType = sourcecode.swift; path = SearchResultsController.swift; sourceTree = "<group>"; };
		D2B08F631F0C8465000A0A52 /* RegionListController.swift */ = {isa = PBXFileReference; fileEncoding = 4; lastKnownFileType = sourcecode.swift; path = RegionListController.swift; sourceTree = "<group>"; };
		D2B08F661F0C84C5000A0A52 /* SearchResultsDataSource.swift */ = {isa = PBXFileReference; fileEncoding = 4; lastKnownFileType = sourcecode.swift; path = SearchResultsDataSource.swift; sourceTree = "<group>"; };
		D2B08F6D1F0C868B000A0A52 /* RegionListDataSource.swift */ = {isa = PBXFileReference; fileEncoding = 4; lastKnownFileType = sourcecode.swift; path = RegionListDataSource.swift; sourceTree = "<group>"; };
		D2B08F711F0C8784000A0A52 /* RegionCell.swift */ = {isa = PBXFileReference; fileEncoding = 4; lastKnownFileType = sourcecode.swift; path = RegionCell.swift; sourceTree = "<group>"; };
		D2B08F761F0C9C32000A0A52 /* Stub.swift */ = {isa = PBXFileReference; fileEncoding = 4; lastKnownFileType = sourcecode.swift; path = Stub.swift; sourceTree = "<group>"; };
		D2E1C8771F035F5D00335FD2 /* MySunnies.app */ = {isa = PBXFileReference; explicitFileType = wrapper.application; includeInIndex = 0; path = MySunnies.app; sourceTree = BUILT_PRODUCTS_DIR; };
		D2E1C87A1F035F5D00335FD2 /* AppDelegate.swift */ = {isa = PBXFileReference; lastKnownFileType = sourcecode.swift; path = AppDelegate.swift; sourceTree = "<group>"; };
		D2E1C87C1F035F5D00335FD2 /* ViewController.swift */ = {isa = PBXFileReference; lastKnownFileType = sourcecode.swift; path = ViewController.swift; sourceTree = "<group>"; };
		D2E1C87F1F035F5D00335FD2 /* Base */ = {isa = PBXFileReference; lastKnownFileType = file.storyboard; name = Base; path = Base.lproj/Main.storyboard; sourceTree = "<group>"; };
		D2E1C8821F035F5D00335FD2 /* MySunnies.xcdatamodel */ = {isa = PBXFileReference; lastKnownFileType = wrapper.xcdatamodel; path = MySunnies.xcdatamodel; sourceTree = "<group>"; };
		D2E1C8841F035F5D00335FD2 /* Assets.xcassets */ = {isa = PBXFileReference; lastKnownFileType = folder.assetcatalog; path = Assets.xcassets; sourceTree = "<group>"; };
		D2E1C8871F035F5D00335FD2 /* Base */ = {isa = PBXFileReference; lastKnownFileType = file.storyboard; name = Base; path = Base.lproj/LaunchScreen.storyboard; sourceTree = "<group>"; };
		D2E1C8891F035F5D00335FD2 /* Info.plist */ = {isa = PBXFileReference; lastKnownFileType = text.plist.xml; path = Info.plist; sourceTree = "<group>"; };
/* End PBXFileReference section */

/* Begin PBXFrameworksBuildPhase section */
		D2E1C8741F035F5D00335FD2 /* Frameworks */ = {
			isa = PBXFrameworksBuildPhase;
			buildActionMask = 2147483647;
			files = (
				D2AB661F1F07584100EF48E3 /* CoreLocation.framework in Frameworks */,
			);
			runOnlyForDeploymentPostprocessing = 0;
		};
/* End PBXFrameworksBuildPhase section */

/* Begin PBXGroup section */
		D24395A41F0DCBD100F6A5DA /* View Model */ = {
			isa = PBXGroup;
			children = (
				D24395A51F0DCBE700F6A5DA /* RegionViewModel.swift */,
			);
			name = "View Model";
			sourceTree = "<group>";
		};
		D2AB661D1F07584100EF48E3 /* Frameworks */ = {
			isa = PBXGroup;
			children = (
				D2AB661E1F07584100EF48E3 /* CoreLocation.framework */,
			);
			name = Frameworks;
			sourceTree = "<group>";
		};
		D2AB664E1F07F98F00EF48E3 /* CurrentWeather */ = {
			isa = PBXGroup;
			children = (
				D24DF8D01F04C2700007E105 /* CurrentWeather.swift */,
				D24DF8D21F04C5B30007E105 /* CurrentWeatherViewModel.swift */,
			);
			name = CurrentWeather;
			sourceTree = "<group>";
		};
		D2AB664F1F07F9AE00EF48E3 /* HourlyWeather */ = {
			isa = PBXGroup;
			children = (
				D2AB66501F07F9C700EF48E3 /* HourlyWeather.swift */,
				D2AB66521F07FBA900EF48E3 /* HourlyWeatherViewModel.swift */,
			);
			name = HourlyWeather;
			sourceTree = "<group>";
		};
		D2B08F601F0C80F3000A0A52 /* Controllers */ = {
			isa = PBXGroup;
			children = (
				D2B08F611F0C8117000A0A52 /* SearchResultsController.swift */,
				D2B08F631F0C8465000A0A52 /* RegionListController.swift */,
			);
			name = Controllers;
			sourceTree = "<group>";
		};
		D2B08F651F0C84A4000A0A52 /* Data Sources */ = {
			isa = PBXGroup;
			children = (
				D2B08F661F0C84C5000A0A52 /* SearchResultsDataSource.swift */,
				D2B08F6D1F0C868B000A0A52 /* RegionListDataSource.swift */,
			);
			name = "Data Sources";
			sourceTree = "<group>";
		};
		D2B08F681F0C84DF000A0A52 /* Models */ = {
			isa = PBXGroup;
			children = (
				D2B08F761F0C9C32000A0A52 /* Stub.swift */,
				D24395A21F0DCA1300F6A5DA /* Region.swift */,
				D24395A91F0DF70D00F6A5DA /* Location.swift */,
			);
			name = Models;
			sourceTree = "<group>";
		};
		D2B08F6F1F0C8736000A0A52 /* Views */ = {
			isa = PBXGroup;
			children = (
				D2B08F711F0C8784000A0A52 /* RegionCell.swift */,
			);
			name = Views;
			sourceTree = "<group>";
		};
		D2B08F701F0C8749000A0A52 /* MVVC */ = {
			isa = PBXGroup;
			children = (
				D24395A41F0DCBD100F6A5DA /* View Model */,
				D2B08F651F0C84A4000A0A52 /* Data Sources */,
				D2B08F601F0C80F3000A0A52 /* Controllers */,
				D2B08F681F0C84DF000A0A52 /* Models */,
				D2B08F6F1F0C8736000A0A52 /* Views */,
			);
			name = MVVC;
			sourceTree = "<group>";
		};
		D2E1C86E1F035F5D00335FD2 = {
			isa = PBXGroup;
			children = (
				D2E1C8791F035F5D00335FD2 /* MySunnies */,
				D2E1C8781F035F5D00335FD2 /* Products */,
				D2AB661D1F07584100EF48E3 /* Frameworks */,
			);
			sourceTree = "<group>";
		};
		D2E1C8781F035F5D00335FD2 /* Products */ = {
			isa = PBXGroup;
			children = (
				D2E1C8771F035F5D00335FD2 /* MySunnies.app */,
			);
			name = Products;
			sourceTree = "<group>";
		};
		D2E1C8791F035F5D00335FD2 /* MySunnies */ = {
			isa = PBXGroup;
			children = (
				D2B08F701F0C8749000A0A52 /* MVVC */,
				D2E1C87A1F035F5D00335FD2 /* AppDelegate.swift */,
				D2E1C87C1F035F5D00335FD2 /* ViewController.swift */,
				D2E1C87E1F035F5D00335FD2 /* Main.storyboard */,
				D2E1C8841F035F5D00335FD2 /* Assets.xcassets */,
				D2E1C8861F035F5D00335FD2 /* LaunchScreen.storyboard */,
				D2E1C8891F035F5D00335FD2 /* Info.plist */,
				D2E1C8811F035F5D00335FD2 /* MySunnies.xcdatamodeld */,
				D2AB664E1F07F98F00EF48E3 /* CurrentWeather */,
				D2AB664F1F07F9AE00EF48E3 /* HourlyWeather */,
				D24DF8D41F04C7090007E105 /* WeatherIcon.swift */,
				D24DF8D61F05109C0007E105 /* Coordinate.swift */,
				D213417B1F038AD6008BCE70 /* DarkSkyAPIClient.swift */,
				D24DF8C91F04AE800007E105 /* JSONDownLoader.swift */,
				D2AB66201F077CAC00EF48E3 /* HourlyForecastViewCell.swift */,
				D24DF8CB1F04B0BB0007E105 /* DarkSkyError.swift */,
			);
			path = MySunnies;
			sourceTree = "<group>";
		};
/* End PBXGroup section */

/* Begin PBXNativeTarget section */
		D2E1C8761F035F5D00335FD2 /* MySunnies */ = {
			isa = PBXNativeTarget;
			buildConfigurationList = D2E1C88C1F035F5D00335FD2 /* Build configuration list for PBXNativeTarget "MySunnies" */;
			buildPhases = (
				D2E1C8731F035F5D00335FD2 /* Sources */,
				D2E1C8741F035F5D00335FD2 /* Frameworks */,
				D2E1C8751F035F5D00335FD2 /* Resources */,
			);
			buildRules = (
			);
			dependencies = (
			);
			name = MySunnies;
			productName = MySunnies;
			productReference = D2E1C8771F035F5D00335FD2 /* MySunnies.app */;
			productType = "com.apple.product-type.application";
		};
/* End PBXNativeTarget section */

/* Begin PBXProject section */
		D2E1C86F1F035F5D00335FD2 /* Project object */ = {
			isa = PBXProject;
			attributes = {
				LastSwiftUpdateCheck = 0830;
				LastUpgradeCheck = 0830;
				ORGANIZATIONNAME = "Justin Ji";
				TargetAttributes = {
					D2E1C8761F035F5D00335FD2 = {
						CreatedOnToolsVersion = 8.3.3;
						DevelopmentTeam = TF46W5T2MA;
						ProvisioningStyle = Automatic;
					};
				};
			};
			buildConfigurationList = D2E1C8721F035F5D00335FD2 /* Build configuration list for PBXProject "MySunnies" */;
			compatibilityVersion = "Xcode 3.2";
			developmentRegion = English;
			hasScannedForEncodings = 0;
			knownRegions = (
				en,
				Base,
			);
			mainGroup = D2E1C86E1F035F5D00335FD2;
			productRefGroup = D2E1C8781F035F5D00335FD2 /* Products */;
			projectDirPath = "";
			projectRoot = "";
			targets = (
				D2E1C8761F035F5D00335FD2 /* MySunnies */,
			);
		};
/* End PBXProject section */

/* Begin PBXResourcesBuildPhase section */
		D2E1C8751F035F5D00335FD2 /* Resources */ = {
			isa = PBXResourcesBuildPhase;
			buildActionMask = 2147483647;
			files = (
				D2E1C8881F035F5D00335FD2 /* LaunchScreen.storyboard in Resources */,
				D2E1C8851F035F5D00335FD2 /* Assets.xcassets in Resources */,
				D2E1C8801F035F5D00335FD2 /* Main.storyboard in Resources */,
			);
			runOnlyForDeploymentPostprocessing = 0;
		};
/* End PBXResourcesBuildPhase section */

/* Begin PBXSourcesBuildPhase section */
		D2E1C8731F035F5D00335FD2 /* Sources */ = {
			isa = PBXSourcesBuildPhase;
			buildActionMask = 2147483647;
			files = (
				D24DF8CA1F04AE800007E105 /* JSONDownLoader.swift in Sources */,
				D2B08F6E1F0C868B000A0A52 /* RegionListDataSource.swift in Sources */,
				D24DF8D11F04C2700007E105 /* CurrentWeather.swift in Sources */,
				D2B08F721F0C8784000A0A52 /* RegionCell.swift in Sources */,
				D2AB66531F07FBA900EF48E3 /* HourlyWeatherViewModel.swift in Sources */,
				D2AB66211F077CAC00EF48E3 /* HourlyForecastViewCell.swift in Sources */,
				D2E1C87D1F035F5D00335FD2 /* ViewController.swift in Sources */,
				D24DF8CC1F04B0BB0007E105 /* DarkSkyError.swift in Sources */,
				D24395A61F0DCBE700F6A5DA /* RegionViewModel.swift in Sources */,
				D2E1C87B1F035F5D00335FD2 /* AppDelegate.swift in Sources */,
				D2B08F641F0C8465000A0A52 /* RegionListController.swift in Sources */,
				D213417C1F038AD6008BCE70 /* DarkSkyAPIClient.swift in Sources */,
				D24395AA1F0DF70D00F6A5DA /* Location.swift in Sources */,
				D2B08F771F0C9C32000A0A52 /* Stub.swift in Sources */,
				D24DF8D71F05109C0007E105 /* Coordinate.swift in Sources */,
				D2E1C8831F035F5D00335FD2 /* MySunnies.xcdatamodeld in Sources */,
				D2B08F671F0C84C5000A0A52 /* SearchResultsDataSource.swift in Sources */,
				D2B08F621F0C8117000A0A52 /* SearchResultsController.swift in Sources */,
				D2AB66511F07F9C700EF48E3 /* HourlyWeather.swift in Sources */,
				D24395A31F0DCA1300F6A5DA /* Region.swift in Sources */,
				D24DF8D31F04C5B30007E105 /* CurrentWeatherViewModel.swift in Sources */,
				D24DF8D51F04C7090007E105 /* WeatherIcon.swift in Sources */,
			);
			runOnlyForDeploymentPostprocessing = 0;
		};
/* End PBXSourcesBuildPhase section */

/* Begin PBXVariantGroup section */
		D2E1C87E1F035F5D00335FD2 /* Main.storyboard */ = {
			isa = PBXVariantGroup;
			children = (
				D2E1C87F1F035F5D00335FD2 /* Base */,
			);
			name = Main.storyboard;
			sourceTree = "<group>";
		};
		D2E1C8861F035F5D00335FD2 /* LaunchScreen.storyboard */ = {
			isa = PBXVariantGroup;
			children = (
				D2E1C8871F035F5D00335FD2 /* Base */,
			);
			name = LaunchScreen.storyboard;
			sourceTree = "<group>";
		};
/* End PBXVariantGroup section */

/* Begin XCBuildConfiguration section */
		D2E1C88A1F035F5D00335FD2 /* Debug */ = {
			isa = XCBuildConfiguration;
			buildSettings = {
				ALWAYS_SEARCH_USER_PATHS = NO;
				CLANG_ANALYZER_NONNULL = YES;
				CLANG_ANALYZER_NUMBER_OBJECT_CONVERSION = YES_AGGRESSIVE;
				CLANG_CXX_LANGUAGE_STANDARD = "gnu++0x";
				CLANG_CXX_LIBRARY = "libc++";
				CLANG_ENABLE_MODULES = YES;
				CLANG_ENABLE_OBJC_ARC = YES;
				CLANG_WARN_BOOL_CONVERSION = YES;
				CLANG_WARN_CONSTANT_CONVERSION = YES;
				CLANG_WARN_DIRECT_OBJC_ISA_USAGE = YES_ERROR;
				CLANG_WARN_DOCUMENTATION_COMMENTS = YES;
				CLANG_WARN_EMPTY_BODY = YES;
				CLANG_WARN_ENUM_CONVERSION = YES;
				CLANG_WARN_INFINITE_RECURSION = YES;
				CLANG_WARN_INT_CONVERSION = YES;
				CLANG_WARN_OBJC_ROOT_CLASS = YES_ERROR;
				CLANG_WARN_SUSPICIOUS_MOVE = YES;
				CLANG_WARN_UNREACHABLE_CODE = YES;
				CLANG_WARN__DUPLICATE_METHOD_MATCH = YES;
				"CODE_SIGN_IDENTITY[sdk=iphoneos*]" = "iPhone Developer";
				COPY_PHASE_STRIP = NO;
				DEBUG_INFORMATION_FORMAT = dwarf;
				ENABLE_STRICT_OBJC_MSGSEND = YES;
				ENABLE_TESTABILITY = YES;
				GCC_C_LANGUAGE_STANDARD = gnu99;
				GCC_DYNAMIC_NO_PIC = NO;
				GCC_NO_COMMON_BLOCKS = YES;
				GCC_OPTIMIZATION_LEVEL = 0;
				GCC_PREPROCESSOR_DEFINITIONS = (
					"DEBUG=1",
					"$(inherited)",
				);
				GCC_WARN_64_TO_32_BIT_CONVERSION = YES;
				GCC_WARN_ABOUT_RETURN_TYPE = YES_ERROR;
				GCC_WARN_UNDECLARED_SELECTOR = YES;
				GCC_WARN_UNINITIALIZED_AUTOS = YES_AGGRESSIVE;
				GCC_WARN_UNUSED_FUNCTION = YES;
				GCC_WARN_UNUSED_VARIABLE = YES;
				IPHONEOS_DEPLOYMENT_TARGET = 10.3;
				MTL_ENABLE_DEBUG_INFO = YES;
				ONLY_ACTIVE_ARCH = YES;
				SDKROOT = iphoneos;
				SWIFT_ACTIVE_COMPILATION_CONDITIONS = DEBUG;
				SWIFT_OPTIMIZATION_LEVEL = "-Onone";
			};
			name = Debug;
		};
		D2E1C88B1F035F5D00335FD2 /* Release */ = {
			isa = XCBuildConfiguration;
			buildSettings = {
				ALWAYS_SEARCH_USER_PATHS = NO;
				CLANG_ANALYZER_NONNULL = YES;
				CLANG_ANALYZER_NUMBER_OBJECT_CONVERSION = YES_AGGRESSIVE;
				CLANG_CXX_LANGUAGE_STANDARD = "gnu++0x";
				CLANG_CXX_LIBRARY = "libc++";
				CLANG_ENABLE_MODULES = YES;
				CLANG_ENABLE_OBJC_ARC = YES;
				CLANG_WARN_BOOL_CONVERSION = YES;
				CLANG_WARN_CONSTANT_CONVERSION = YES;
				CLANG_WARN_DIRECT_OBJC_ISA_USAGE = YES_ERROR;
				CLANG_WARN_DOCUMENTATION_COMMENTS = YES;
				CLANG_WARN_EMPTY_BODY = YES;
				CLANG_WARN_ENUM_CONVERSION = YES;
				CLANG_WARN_INFINITE_RECURSION = YES;
				CLANG_WARN_INT_CONVERSION = YES;
				CLANG_WARN_OBJC_ROOT_CLASS = YES_ERROR;
				CLANG_WARN_SUSPICIOUS_MOVE = YES;
				CLANG_WARN_UNREACHABLE_CODE = YES;
				CLANG_WARN__DUPLICATE_METHOD_MATCH = YES;
				"CODE_SIGN_IDENTITY[sdk=iphoneos*]" = "iPhone Developer";
				COPY_PHASE_STRIP = NO;
				DEBUG_INFORMATION_FORMAT = "dwarf-with-dsym";
				ENABLE_NS_ASSERTIONS = NO;
				ENABLE_STRICT_OBJC_MSGSEND = YES;
				GCC_C_LANGUAGE_STANDARD = gnu99;
				GCC_NO_COMMON_BLOCKS = YES;
				GCC_WARN_64_TO_32_BIT_CONVERSION = YES;
				GCC_WARN_ABOUT_RETURN_TYPE = YES_ERROR;
				GCC_WARN_UNDECLARED_SELECTOR = YES;
				GCC_WARN_UNINITIALIZED_AUTOS = YES_AGGRESSIVE;
				GCC_WARN_UNUSED_FUNCTION = YES;
				GCC_WARN_UNUSED_VARIABLE = YES;
				IPHONEOS_DEPLOYMENT_TARGET = 10.3;
				MTL_ENABLE_DEBUG_INFO = NO;
				SDKROOT = iphoneos;
				SWIFT_OPTIMIZATION_LEVEL = "-Owholemodule";
				VALIDATE_PRODUCT = YES;
			};
			name = Release;
		};
		D2E1C88D1F035F5D00335FD2 /* Debug */ = {
			isa = XCBuildConfiguration;
			buildSettings = {
				ASSETCATALOG_COMPILER_APPICON_NAME = AppIcon;
				DEVELOPMENT_TEAM = TF46W5T2MA;
				INFOPLIST_FILE = MySunnies/Info.plist;
				LD_RUNPATH_SEARCH_PATHS = "$(inherited) @executable_path/Frameworks";
				PRODUCT_BUNDLE_IDENTIFIER = Justin.MySunnies;
				PRODUCT_NAME = "$(TARGET_NAME)";
				SWIFT_VERSION = 3.0;
			};
			name = Debug;
		};
		D2E1C88E1F035F5D00335FD2 /* Release */ = {
			isa = XCBuildConfiguration;
			buildSettings = {
				ASSETCATALOG_COMPILER_APPICON_NAME = AppIcon;
				DEVELOPMENT_TEAM = TF46W5T2MA;
				INFOPLIST_FILE = MySunnies/Info.plist;
				LD_RUNPATH_SEARCH_PATHS = "$(inherited) @executable_path/Frameworks";
				PRODUCT_BUNDLE_IDENTIFIER = Justin.MySunnies;
				PRODUCT_NAME = "$(TARGET_NAME)";
				SWIFT_VERSION = 3.0;
			};
			name = Release;
		};
/* End XCBuildConfiguration section */

/* Begin XCConfigurationList section */
		D2E1C8721F035F5D00335FD2 /* Build configuration list for PBXProject "MySunnies" */ = {
			isa = XCConfigurationList;
			buildConfigurations = (
				D2E1C88A1F035F5D00335FD2 /* Debug */,
				D2E1C88B1F035F5D00335FD2 /* Release */,
			);
			defaultConfigurationIsVisible = 0;
			defaultConfigurationName = Release;
		};
		D2E1C88C1F035F5D00335FD2 /* Build configuration list for PBXNativeTarget "MySunnies" */ = {
			isa = XCConfigurationList;
			buildConfigurations = (
				D2E1C88D1F035F5D00335FD2 /* Debug */,
				D2E1C88E1F035F5D00335FD2 /* Release */,
			);
			defaultConfigurationIsVisible = 0;
			defaultConfigurationName = Release;
		};
/* End XCConfigurationList section */

/* Begin XCVersionGroup section */
		D2E1C8811F035F5D00335FD2 /* MySunnies.xcdatamodeld */ = {
			isa = XCVersionGroup;
			children = (
				D2E1C8821F035F5D00335FD2 /* MySunnies.xcdatamodel */,
			);
			currentVersion = D2E1C8821F035F5D00335FD2 /* MySunnies.xcdatamodel */;
			path = MySunnies.xcdatamodeld;
			sourceTree = "<group>";
			versionGroupType = wrapper.xcdatamodel;
		};
/* End XCVersionGroup section */
	};
	rootObject = D2E1C86F1F035F5D00335FD2 /* Project object */;
}
